// !$*UTF8*$!
{
	archiveVersion = 1;
	classes = {
	};
	objectVersion = 46;
	objects = {

/* Begin PBXBuildFile section */
		84D594301E373FC90080938E /* AppDelegate.swift in Sources */ = {isa = PBXBuildFile; fileRef = 84D5942F1E373FC90080938E /* AppDelegate.swift */; };
		84D594321E373FC90080938E /* ViewController.swift in Sources */ = {isa = PBXBuildFile; fileRef = 84D594311E373FC90080938E /* ViewController.swift */; };
		84D594351E373FC90080938E /* Main.storyboard in Resources */ = {isa = PBXBuildFile; fileRef = 84D594331E373FC90080938E /* Main.storyboard */; };
		84D594381E373FC90080938E /* lab.xcdatamodeld in Sources */ = {isa = PBXBuildFile; fileRef = 84D594361E373FC90080938E /* lab.xcdatamodeld */; };
		84D5943A1E373FC90080938E /* Assets.xcassets in Resources */ = {isa = PBXBuildFile; fileRef = 84D594391E373FC90080938E /* Assets.xcassets */; };
		84D5943D1E373FC90080938E /* LaunchScreen.storyboard in Resources */ = {isa = PBXBuildFile; fileRef = 84D5943B1E373FC90080938E /* LaunchScreen.storyboard */; };
		84D594481E373FC90080938E /* labUITests.swift in Sources */ = {isa = PBXBuildFile; fileRef = 84D594471E373FC90080938E /* labUITests.swift */; };
/* End PBXBuildFile section */

/* Begin PBXContainerItemProxy section */
		84D594441E373FC90080938E /* PBXContainerItemProxy */ = {
			isa = PBXContainerItemProxy;
			containerPortal = 84D594241E373FC80080938E /* Project object */;
			proxyType = 1;
			remoteGlobalIDString = 84D5942B1E373FC80080938E;
			remoteInfo = lab;
		};
/* End PBXContainerItemProxy section */

/* Begin PBXFileReference section */
		84D5942C1E373FC80080938E /* lab.app */ = {isa = PBXFileReference; explicitFileType = wrapper.application; includeInIndex = 0; path = lab.app; sourceTree = BUILT_PRODUCTS_DIR; };
		84D5942F1E373FC90080938E /* AppDelegate.swift */ = {isa = PBXFileReference; lastKnownFileType = sourcecode.swift; path = AppDelegate.swift; sourceTree = "<group>"; };
		84D594311E373FC90080938E /* ViewController.swift */ = {isa = PBXFileReference; lastKnownFileType = sourcecode.swift; path = ViewController.swift; sourceTree = "<group>"; };
		84D594341E373FC90080938E /* Base */ = {isa = PBXFileReference; lastKnownFileType = file.storyboard; name = Base; path = Base.lproj/Main.storyboard; sourceTree = "<group>"; };
		84D594371E373FC90080938E /* lab.xcdatamodel */ = {isa = PBXFileReference; lastKnownFileType = wrapper.xcdatamodel; path = lab.xcdatamodel; sourceTree = "<group>"; };
		84D594391E373FC90080938E /* Assets.xcassets */ = {isa = PBXFileReference; lastKnownFileType = folder.assetcatalog; path = Assets.xcassets; sourceTree = "<group>"; };
		84D5943C1E373FC90080938E /* Base */ = {isa = PBXFileReference; lastKnownFileType = file.storyboard; name = Base; path = Base.lproj/LaunchScreen.storyboard; sourceTree = "<group>"; };
		84D5943E1E373FC90080938E /* Info.plist */ = {isa = PBXFileReference; lastKnownFileType = text.plist.xml; path = Info.plist; sourceTree = "<group>"; };
		84D594431E373FC90080938E /* labUITests.xctest */ = {isa = PBXFileReference; explicitFileType = wrapper.cfbundle; includeInIndex = 0; path = labUITests.xctest; sourceTree = BUILT_PRODUCTS_DIR; };
		84D594471E373FC90080938E /* labUITests.swift */ = {isa = PBXFileReference; lastKnownFileType = sourcecode.swift; path = labUITests.swift; sourceTree = "<group>"; };
		84D594491E373FC90080938E /* Info.plist */ = {isa = PBXFileReference; lastKnownFileType = text.plist.xml; path = Info.plist; sourceTree = "<group>"; };
/* End PBXFileReference section */

/* Begin PBXFrameworksBuildPhase section */
		84D594291E373FC80080938E /* Frameworks */ = {
			isa = PBXFrameworksBuildPhase;
			buildActionMask = 2147483647;
			files = (
			);
			runOnlyForDeploymentPostprocessing = 0;
		};
		84D594401E373FC90080938E /* Frameworks */ = {
			isa = PBXFrameworksBuildPhase;
			buildActionMask = 2147483647;
			files = (
			);
			runOnlyForDeploymentPostprocessing = 0;
		};
/* End PBXFrameworksBuildPhase section */

/* Begin PBXGroup section */
		84D594231E373FC80080938E = {
			isa = PBXGroup;
			children = (
				84D5942E1E373FC90080938E /* lab */,
				84D594461E373FC90080938E /* labUITests */,
				84D5942D1E373FC80080938E /* Products */,
			);
			sourceTree = "<group>";
		};
		84D5942D1E373FC80080938E /* Products */ = {
			isa = PBXGroup;
			children = (
				84D5942C1E373FC80080938E /* lab.app */,
				84D594431E373FC90080938E /* labUITests.xctest */,
			);
			name = Products;
			sourceTree = "<group>";
		};
		84D5942E1E373FC90080938E /* lab */ = {
			isa = PBXGroup;
			children = (
				84D5942F1E373FC90080938E /* AppDelegate.swift */,
				84D594311E373FC90080938E /* ViewController.swift */,
				84D594331E373FC90080938E /* Main.storyboard */,
				84D594391E373FC90080938E /* Assets.xcassets */,
				84D5943B1E373FC90080938E /* LaunchScreen.storyboard */,
				84D5943E1E373FC90080938E /* Info.plist */,
				84D594361E373FC90080938E /* lab.xcdatamodeld */,
			);
			path = lab;
			sourceTree = "<group>";
		};
		84D594461E373FC90080938E /* labUITests */ = {
			isa = PBXGroup;
			children = (
				84D594471E373FC90080938E /* labUITests.swift */,
				84D594491E373FC90080938E /* Info.plist */,
			);
			path = labUITests;
			sourceTree = "<group>";
		};
/* End PBXGroup section */

/* Begin PBXNativeTarget section */
		84D5942B1E373FC80080938E /* lab */ = {
			isa = PBXNativeTarget;
			buildConfigurationList = 84D5944C1E373FC90080938E /* Build configuration list for PBXNativeTarget "lab" */;
			buildPhases = (
				84D594281E373FC80080938E /* Sources */,
				84D594291E373FC80080938E /* Frameworks */,
				84D5942A1E373FC80080938E /* Resources */,
			);
			buildRules = (
			);
			dependencies = (
			);
			name = lab;
			productName = lab;
			productReference = 84D5942C1E373FC80080938E /* lab.app */;
			productType = "com.apple.product-type.application";
		};
		84D594421E373FC90080938E /* labUITests */ = {
			isa = PBXNativeTarget;
			buildConfigurationList = 84D5944F1E373FC90080938E /* Build configuration list for PBXNativeTarget "labUITests" */;
			buildPhases = (
				84D5943F1E373FC90080938E /* Sources */,
				84D594401E373FC90080938E /* Frameworks */,
				84D594411E373FC90080938E /* Resources */,
			);
			buildRules = (
			);
			dependencies = (
				84D594451E373FC90080938E /* PBXTargetDependency */,
			);
			name = labUITests;
			productName = labUITests;
			productReference = 84D594431E373FC90080938E /* labUITests.xctest */;
			productType = "com.apple.product-type.bundle.ui-testing";
		};
/* End PBXNativeTarget section */

/* Begin PBXProject section */
		84D594241E373FC80080938E /* Project object */ = {
			isa = PBXProject;
			attributes = {
				LastSwiftUpdateCheck = 0820;
				LastUpgradeCheck = 0820;
				ORGANIZATIONNAME = swiftlabs;
				TargetAttributes = {
					84D5942B1E373FC80080938E = {
						CreatedOnToolsVersion = 8.2.1;
						ProvisioningStyle = Automatic;
					};
					84D594421E373FC90080938E = {
						CreatedOnToolsVersion = 8.2.1;
						ProvisioningStyle = Automatic;
						TestTargetID = 84D5942B1E373FC80080938E;
					};
				};
			};
			buildConfigurationList = 84D594271E373FC80080938E /* Build configuration list for PBXProject "lab" */;
			compatibilityVersion = "Xcode 3.2";
			developmentRegion = English;
			hasScannedForEncodings = 0;
			knownRegions = (
				en,
				Base,
			);
			mainGroup = 84D594231E373FC80080938E;
			productRefGroup = 84D5942D1E373FC80080938E /* Products */;
			projectDirPath = "";
			projectRoot = "";
			targets = (
				84D5942B1E373FC80080938E /* lab */,
				84D594421E373FC90080938E /* labUITests */,
			);
		};
/* End PBXProject section */

/* Begin PBXResourcesBuildPhase section */
		84D5942A1E373FC80080938E /* Resources */ = {
			isa = PBXResourcesBuildPhase;
			buildActionMask = 2147483647;
			files = (
				84D5943D1E373FC90080938E /* LaunchScreen.storyboard in Resources */,
				84D5943A1E373FC90080938E /* Assets.xcassets in Resources */,
				84D594351E373FC90080938E /* Main.storyboard in Resources */,
			);
			runOnlyForDeploymentPostprocessing = 0;
		};
		84D594411E373FC90080938E /* Resources */ = {
			isa = PBXResourcesBuildPhase;
			buildActionMask = 2147483647;
			files = (
			);
			runOnlyForDeploymentPostprocessing = 0;
		};
/* End PBXResourcesBuildPhase section */

/* Begin PBXSourcesBuildPhase section */
		84D594281E373FC80080938E /* Sources */ = {
			isa = PBXSourcesBuildPhase;
			buildActionMask = 2147483647;
			files = (
				84D594321E373FC90080938E /* ViewController.swift in Sources */,
				84D594301E373FC90080938E /* AppDelegate.swift in Sources */,
				84D594381E373FC90080938E /* lab.xcdatamodeld in Sources */,
			);
			runOnlyForDeploymentPostprocessing = 0;
		};
		84D5943F1E373FC90080938E /* Sources */ = {
			isa = PBXSourcesBuildPhase;
			buildActionMask = 2147483647;
			files = (
				84D594481E373FC90080938E /* labUITests.swift in Sources */,
			);
			runOnlyForDeploymentPostprocessing = 0;
		};
/* End PBXSourcesBuildPhase section */

/* Begin PBXTargetDependency section */
		84D594451E373FC90080938E /* PBXTargetDependency */ = {
			isa = PBXTargetDependency;
			target = 84D5942B1E373FC80080938E /* lab */;
			targetProxy = 84D594441E373FC90080938E /* PBXContainerItemProxy */;
		};
/* End PBXTargetDependency section */

/* Begin PBXVariantGroup section */
		84D594331E373FC90080938E /* Main.storyboard */ = {
			isa = PBXVariantGroup;
			children = (
				84D594341E373FC90080938E /* Base */,
			);
			name = Main.storyboard;
			sourceTree = "<group>";
		};
		84D5943B1E373FC90080938E /* LaunchScreen.storyboard */ = {
			isa = PBXVariantGroup;
			children = (
				84D5943C1E373FC90080938E /* Base */,
			);
			name = LaunchScreen.storyboard;
			sourceTree = "<group>";
		};
/* End PBXVariantGroup section */

/* Begin XCBuildConfiguration section */
		84D5944A1E373FC90080938E /* Debug */ = {
			isa = XCBuildConfiguration;
			buildSettings = {
				ALWAYS_SEARCH_USER_PATHS = NO;
				CLANG_ANALYZER_NONNULL = YES;
				CLANG_CXX_LANGUAGE_STANDARD = "gnu++0x";
				CLANG_CXX_LIBRARY = "libc++";
				CLANG_ENABLE_MODULES = YES;
				CLANG_ENABLE_OBJC_ARC = YES;
				CLANG_WARN_BOOL_CONVERSION = YES;
				CLANG_WARN_CONSTANT_CONVERSION = YES;
				CLANG_WARN_DIRECT_OBJC_ISA_USAGE = YES_ERROR;
				CLANG_WARN_DOCUMENTATION_COMMENTS = YES;
				CLANG_WARN_EMPTY_BODY = YES;
				CLANG_WARN_ENUM_CONVERSION = YES;
				CLANG_WARN_INFINITE_RECURSION = YES;
				CLANG_WARN_INT_CONVERSION = YES;
				CLANG_WARN_OBJC_ROOT_CLASS = YES_ERROR;
				CLANG_WARN_SUSPICIOUS_MOVE = YES;
				CLANG_WARN_UNREACHABLE_CODE = YES;
				CLANG_WARN__DUPLICATE_METHOD_MATCH = YES;
				"CODE_SIGN_IDENTITY[sdk=iphoneos*]" = "iPhone Developer";
				COPY_PHASE_STRIP = NO;
				DEBUG_INFORMATION_FORMAT = dwarf;
				ENABLE_STRICT_OBJC_MSGSEND = YES;
				ENABLE_TESTABILITY = YES;
				GCC_C_LANGUAGE_STANDARD = gnu99;
				GCC_DYNAMIC_NO_PIC = NO;
				GCC_NO_COMMON_BLOCKS = YES;
				GCC_OPTIMIZATION_LEVEL = 0;
				GCC_PREPROCESSOR_DEFINITIONS = (
					"DEBUG=1",
					"$(inherited)",
				);
				GCC_WARN_64_TO_32_BIT_CONVERSION = YES;
				GCC_WARN_ABOUT_RETURN_TYPE = YES_ERROR;
				GCC_WARN_UNDECLARED_SELECTOR = YES;
				GCC_WARN_UNINITIALIZED_AUTOS = YES_AGGRESSIVE;
				GCC_WARN_UNUSED_FUNCTION = YES;
				GCC_WARN_UNUSED_VARIABLE = YES;
				IPHONEOS_DEPLOYMENT_TARGET = 10.2;
				MTL_ENABLE_DEBUG_INFO = YES;
				ONLY_ACTIVE_ARCH = YES;
				SDKROOT = iphoneos;
				SWIFT_ACTIVE_COMPILATION_CONDITIONS = DEBUG;
				SWIFT_OPTIMIZATION_LEVEL = "-Onone";
				TARGETED_DEVICE_FAMILY = "1,2";
			};
			name = Debug;
		};
		84D5944B1E373FC90080938E /* Release */ = {
			isa = XCBuildConfiguration;
			buildSettings = {
				ALWAYS_SEARCH_USER_PATHS = NO;
				CLANG_ANALYZER_NONNULL = YES;
				CLANG_CXX_LANGUAGE_STANDARD = "gnu++0x";
				CLANG_CXX_LIBRARY = "libc++";
				CLANG_ENABLE_MODULES = YES;
				CLANG_ENABLE_OBJC_ARC = YES;
				CLANG_WARN_BOOL_CONVERSION = YES;
				CLANG_WARN_CONSTANT_CONVERSION = YES;
				CLANG_WARN_DIRECT_OBJC_ISA_USAGE = YES_ERROR;
				CLANG_WARN_DOCUMENTATION_COMMENTS = YES;
				CLANG_WARN_EMPTY_BODY = YES;
				CLANG_WARN_ENUM_CONVERSION = YES;
				CLANG_WARN_INFINITE_RECURSION = YES;
				CLANG_WARN_INT_CONVERSION = YES;
				CLANG_WARN_OBJC_ROOT_CLASS = YES_ERROR;
				CLANG_WARN_SUSPICIOUS_MOVE = YES;
				CLANG_WARN_UNREACHABLE_CODE = YES;
				CLANG_WARN__DUPLICATE_METHOD_MATCH = YES;
				"CODE_SIGN_IDENTITY[sdk=iphoneos*]" = "iPhone Developer";
				COPY_PHASE_STRIP = NO;
				DEBUG_INFORMATION_FORMAT = "dwarf-with-dsym";
				ENABLE_NS_ASSERTIONS = NO;
				ENABLE_STRICT_OBJC_MSGSEND = YES;
				GCC_C_LANGUAGE_STANDARD = gnu99;
				GCC_NO_COMMON_BLOCKS = YES;
				GCC_WARN_64_TO_32_BIT_CONVERSION = YES;
				GCC_WARN_ABOUT_RETURN_TYPE = YES_ERROR;
				GCC_WARN_UNDECLARED_SELECTOR = YES;
				GCC_WARN_UNINITIALIZED_AUTOS = YES_AGGRESSIVE;
				GCC_WARN_UNUSED_FUNCTION = YES;
				GCC_WARN_UNUSED_VARIABLE = YES;
				IPHONEOS_DEPLOYMENT_TARGET = 10.2;
				MTL_ENABLE_DEBUG_INFO = NO;
				SDKROOT = iphoneos;
				SWIFT_OPTIMIZATION_LEVEL = "-Owholemodule";
				TARGETED_DEVICE_FAMILY = "1,2";
				VALIDATE_PRODUCT = YES;
			};
			name = Release;
		};
		84D5944D1E373FC90080938E /* Debug */ = {
			isa = XCBuildConfiguration;
			buildSettings = {
				ASSETCATALOG_COMPILER_APPICON_NAME = AppIcon;
				INFOPLIST_FILE = lab/Info.plist;
				LD_RUNPATH_SEARCH_PATHS = "$(inherited) @executable_path/Frameworks";
				PRODUCT_BUNDLE_IDENTIFIER = swiftlabs.lab;
				PRODUCT_NAME = "$(TARGET_NAME)";
				SWIFT_VERSION = 3.0;
			};
			name = Debug;
		};
		84D5944E1E373FC90080938E /* Release */ = {
			isa = XCBuildConfiguration;
			buildSettings = {
				ASSETCATALOG_COMPILER_APPICON_NAME = AppIcon;
				INFOPLIST_FILE = lab/Info.plist;
				LD_RUNPATH_SEARCH_PATHS = "$(inherited) @executable_path/Frameworks";
				PRODUCT_BUNDLE_IDENTIFIER = swiftlabs.lab;
				PRODUCT_NAME = "$(TARGET_NAME)";
				SWIFT_VERSION = 3.0;
			};
			name = Release;
		};
		84D594501E373FC90080938E /* Debug */ = {
			isa = XCBuildConfiguration;
			buildSettings = {
				ALWAYS_EMBED_SWIFT_STANDARD_LIBRARIES = YES;
				INFOPLIST_FILE = labUITests/Info.plist;
				LD_RUNPATH_SEARCH_PATHS = "$(inherited) @executable_path/Frameworks @loader_path/Frameworks";
				PRODUCT_BUNDLE_IDENTIFIER = swiftlabs.labUITests;
				PRODUCT_NAME = "$(TARGET_NAME)";
				SWIFT_VERSION = 3.0;
				TEST_TARGET_NAME = lab;
			};
			name = Debug;
		};
		84D594511E373FC90080938E /* Release */ = {
			isa = XCBuildConfiguration;
			buildSettings = {
				ALWAYS_EMBED_SWIFT_STANDARD_LIBRARIES = YES;
				INFOPLIST_FILE = labUITests/Info.plist;
				LD_RUNPATH_SEARCH_PATHS = "$(inherited) @executable_path/Frameworks @loader_path/Frameworks";
				PRODUCT_BUNDLE_IDENTIFIER = swiftlabs.labUITests;
				PRODUCT_NAME = "$(TARGET_NAME)";
				SWIFT_VERSION = 3.0;
				TEST_TARGET_NAME = lab;
			};
			name = Release;
		};
/* End XCBuildConfiguration section */

/* Begin XCConfigurationList section */
		84D594271E373FC80080938E /* Build configuration list for PBXProject "lab" */ = {
			isa = XCConfigurationList;
			buildConfigurations = (
				84D5944A1E373FC90080938E /* Debug */,
				84D5944B1E373FC90080938E /* Release */,
			);
			defaultConfigurationIsVisible = 0;
			defaultConfigurationName = Release;
		};
		84D5944C1E373FC90080938E /* Build configuration list for PBXNativeTarget "lab" */ = {
			isa = XCConfigurationList;
			buildConfigurations = (
				84D5944D1E373FC90080938E /* Debug */,
				84D5944E1E373FC90080938E /* Release */,
			);
			defaultConfigurationIsVisible = 0;
		};
		84D5944F1E373FC90080938E /* Build configuration list for PBXNativeTarget "labUITests" */ = {
			isa = XCConfigurationList;
			buildConfigurations = (
				84D594501E373FC90080938E /* Debug */,
				84D594511E373FC90080938E /* Release */,
			);
			defaultConfigurationIsVisible = 0;
		};
/* End XCConfigurationList section */

/* Begin XCVersionGroup section */
		84D594361E373FC90080938E /* lab.xcdatamodeld */ = {
			isa = XCVersionGroup;
			children = (
				84D594371E373FC90080938E /* lab.xcdatamodel */,
			);
			currentVersion = 84D594371E373FC90080938E /* lab.xcdatamodel */;
			path = lab.xcdatamodeld;
			sourceTree = "<group>";
			versionGroupType = wrapper.xcdatamodel;
		};
/* End XCVersionGroup section */
	};
	rootObject = 84D594241E373FC80080938E /* Project object */;
}
